{
  "name": "voice-indicators",
  "lockfileVersion": 2,
  "requires": true,
  "packages": {
    "": {
      "dependencies": {
        "websocket-ts": "^1.1.1"
      }
    },
    "node_modules/websocket-ts": {
      "version": "1.1.1",
      "resolved": "https://registry.npmjs.org/websocket-ts/-/websocket-ts-1.1.1.tgz",
      "integrity": "sha512-rm+S60J74Ckw5iizzgID12ju+OfaHAa6dhXhULIOrXkl0e05RzxfY42/vMStpz5jWL3iz9mkyjPcFUY1IgI0fw=="
    }
  },
  "dependencies": {
    "websocket-ts": {
      "version": "1.1.1",
      "resolved": "https://registry.npmjs.org/websocket-ts/-/websocket-ts-1.1.1.tgz",
      "integrity": "sha512-rm+S60J74Ckw5iizzgID12ju+OfaHAa6dhXhULIOrXkl0e05RzxfY42/vMStpz5jWL3iz9mkyjPcFUY1IgI0fw=="
    }
  }
}
