{
  "name": "also-known-as",
  "lockfileVersion": 2,
  "requires": true,
  "packages": {
    "": {
      "dependencies": {
        "socket.io-client": "^4.5.2",
        "socket.io-msgpack-parser": "^3.0.1"
      }
    },
    "node_modules/@socket.io/component-emitter": {
      "version": "3.1.0",
      "license": "MIT"
    },
    "node_modules/component-emitter": {
      "version": "1.3.0",
      "license": "MIT"
    },
    "node_modules/debug": {
      "version": "4.3.4",
      "license": "MIT",
      "dependencies": {
        "ms": "2.1.2"
      },
      "engines": {
        "node": ">=6.0"
      },
      "peerDependenciesMeta": {
        "supports-color": {
          "optional": true
        }
      }
    },
    "node_modules/engine.io-client": {
      "version": "6.2.2",
      "license": "MIT",
      "dependencies": {
        "@socket.io/component-emitter": "~3.1.0",
        "debug": "~4.3.1",
        "engine.io-parser": "~5.0.3",
        "ws": "~8.2.3",
        "xmlhttprequest-ssl": "~2.0.0"
      }
    },
    "node_modules/engine.io-parser": {
      "version": "5.0.4",
      "license": "MIT",
      "engines": {
        "node": ">=10.0.0"
      }
    },
    "node_modules/ms": {
      "version": "2.1.2",
      "license": "MIT"
    },
    "node_modules/notepack.io": {
      "version": "2.2.0",
      "license": "MIT"
    },
    "node_modules/socket.io-client": {
      "version": "4.5.2",
      "license": "MIT",
      "dependencies": {
        "@socket.io/component-emitter": "~3.1.0",
        "debug": "~4.3.2",
        "engine.io-client": "~6.2.1",
        "socket.io-parser": "~4.2.0"
      },
      "engines": {
        "node": ">=10.0.0"
      }
    },
    "node_modules/socket.io-msgpack-parser": {
      "version": "3.0.1",
      "license": "MIT",
      "dependencies": {
        "component-emitter": "~1.3.0",
        "notepack.io": "~2.2.0"
      }
    },
    "node_modules/socket.io-parser": {
      "version": "4.2.1",
      "license": "MIT",
      "dependencies": {
        "@socket.io/component-emitter": "~3.1.0",
        "debug": "~4.3.1"
      },
      "engines": {
        "node": ">=10.0.0"
      }
    },
    "node_modules/ws": {
      "version": "8.2.3",
      "license": "MIT",
      "engines": {
        "node": ">=10.0.0"
      },
      "peerDependencies": {
        "bufferutil": "^4.0.1",
        "utf-8-validate": "^5.0.2"
      },
      "peerDependenciesMeta": {
        "bufferutil": {
          "optional": true
        },
        "utf-8-validate": {
          "optional": true
        }
      }
    },
    "node_modules/xmlhttprequest-ssl": {
      "version": "2.0.0",
      "engines": {
        "node": ">=0.4.0"
      }
    }
  },
  "dependencies": {
    "@socket.io/component-emitter": {
      "version": "3.1.0"
    },
    "component-emitter": {
      "version": "1.3.0"
    },
    "debug": {
      "version": "4.3.4",
      "requires": {
        "ms": "2.1.2"
      }
    },
    "engine.io-client": {
      "version": "6.2.2",
      "requires": {
        "@socket.io/component-emitter": "~3.1.0",
        "debug": "~4.3.1",
        "engine.io-parser": "~5.0.3",
        "ws": "~8.2.3",
        "xmlhttprequest-ssl": "~2.0.0"
      }
    },
    "engine.io-parser": {
      "version": "5.0.4"
    },
    "ms": {
      "version": "2.1.2"
    },
    "notepack.io": {
      "version": "2.2.0"
    },
    "socket.io-client": {
      "version": "4.5.2",
      "requires": {
        "@socket.io/component-emitter": "~3.1.0",
        "debug": "~4.3.2",
        "engine.io-client": "~6.2.1",
        "socket.io-parser": "~4.2.0"
      }
    },
    "socket.io-msgpack-parser": {
      "version": "3.0.1",
      "requires": {
        "component-emitter": "~1.3.0",
        "notepack.io": "~2.2.0"
      }
    },
    "socket.io-parser": {
      "version": "4.2.1",
      "requires": {
        "@socket.io/component-emitter": "~3.1.0",
        "debug": "~4.3.1"
      }
    },
    "ws": {
      "version": "8.2.3",
      "requires": {}
    },
    "xmlhttprequest-ssl": {
      "version": "2.0.0"
    }
  }
}
